
Microsoft Visual Studio Solution File, Format Version 12.00
# Visual Studio 15
VisualStudioVersion = 15.0.28010.2046
MinimumVisualStudioVersion = 10.0.40219.1
Project("{FAE04EC0-301F-11D3-BF4B-00C04F79EFBC}") = "DesktopOnBoarding", "DesktopOnBoarding\DesktopOnBoarding.csproj", "{763462F1-A120-4291-9483-F0BAF4447486}"
EndProject
Project("{FAE04EC0-301F-11D3-BF4B-00C04F79EFBC}") = "BE", "BE\BE.csproj", "{D82B6B73-8DE5-4B94-93BE-6E03D81D6384}"
EndProject
Project("{FAE04EC0-301F-11D3-BF4B-00C04F79EFBC}") = "BLL", "BLL\BLL.csproj", "{8C3E562F-313C-419D-A3C6-27EA54DD4145}"
EndProject
Project("{FAE04EC0-301F-11D3-BF4B-00C04F79EFBC}") = "DAL", "DAL\DAL.csproj", "{ED94BA9B-B5D6-4AB6-BD10-BD1C82E0AA56}"
EndProject
Global
	GlobalSection(SolutionConfigurationPlatforms) = preSolution
		Debug|Any CPU = Debug|Any CPU
		Release|Any CPU = Release|Any CPU
	EndGlobalSection
	GlobalSection(ProjectConfigurationPlatforms) = postSolution
		{763462F1-A120-4291-9483-F0BAF4447486}.Debug|Any CPU.ActiveCfg = Debug|Any CPU
		{763462F1-A120-4291-9483-F0BAF4447486}.Debug|Any CPU.Build.0 = Debug|Any CPU
		{763462F1-A120-4291-9483-F0BAF4447486}.Release|Any CPU.ActiveCfg = Release|Any CPU
		{763462F1-A120-4291-9483-F0BAF4447486}.Release|Any CPU.Build.0 = Release|Any CPU
		{D82B6B73-8DE5-4B94-93BE-6E03D81D6384}.Debug|Any CPU.ActiveCfg = Debug|Any CPU
		{D82B6B73-8DE5-4B94-93BE-6E03D81D6384}.Debug|Any CPU.Build.0 = Debug|Any CPU
		{D82B6B73-8DE5-4B94-93BE-6E03D81D6384}.Release|Any CPU.ActiveCfg = Release|Any CPU
		{D82B6B73-8DE5-4B94-93BE-6E03D81D6384}.Release|Any CPU.Build.0 = Release|Any CPU
		{8C3E562F-313C-419D-A3C6-27EA54DD4145}.Debug|Any CPU.ActiveCfg = Debug|Any CPU
		{8C3E562F-313C-419D-A3C6-27EA54DD4145}.Debug|Any CPU.Build.0 = Debug|Any CPU
		{8C3E562F-313C-419D-A3C6-27EA54DD4145}.Release|Any CPU.ActiveCfg = Release|Any CPU
		{8C3E562F-313C-419D-A3C6-27EA54DD4145}.Release|Any CPU.Build.0 = Release|Any CPU
		{ED94BA9B-B5D6-4AB6-BD10-BD1C82E0AA56}.Debug|Any CPU.ActiveCfg = Debug|Any CPU
		{ED94BA9B-B5D6-4AB6-BD10-BD1C82E0AA56}.Debug|Any CPU.Build.0 = Debug|Any CPU
		{ED94BA9B-B5D6-4AB6-BD10-BD1C82E0AA56}.Release|Any CPU.ActiveCfg = Release|Any CPU
		{ED94BA9B-B5D6-4AB6-BD10-BD1C82E0AA56}.Release|Any CPU.Build.0 = Release|Any CPU
	EndGlobalSection
	GlobalSection(SolutionProperties) = preSolution
		HideSolutionNode = FALSE
	EndGlobalSection
	GlobalSection(ExtensibilityGlobals) = postSolution
		SolutionGuid = {54E82317-272A-49F6-B0C1-164F16E5C698}
	EndGlobalSection
EndGlobal
